
Microsoft Visual Studio Solution File, Format Version 12.00
# Visual Studio Version 17
VisualStudioVersion = 17.2.32630.192
MinimumVisualStudioVersion = 10.0.40219.1
Project("{FAE04EC0-301F-11D3-BF4B-00C04F79EFBC}") = "Level 18 - Classes", "Level 18 - Classes\Level 18 - Classes.csproj", "{544DBB94-6046-4A8D-8073-170CFFBA4976}"
EndProject
Global
	GlobalSection(SolutionConfigurationPlatforms) = preSolution
		Debug|Any CPU = Debug|Any CPU
		Release|Any CPU = Release|Any CPU
	EndGlobalSection
	GlobalSection(ProjectConfigurationPlatforms) = postSolution
		{544DBB94-6046-4A8D-8073-170CFFBA4976}.Debug|Any CPU.ActiveCfg = Debug|Any CPU
		{544DBB94-6046-4A8D-8073-170CFFBA4976}.Debug|Any CPU.Build.0 = Debug|Any CPU
		{544DBB94-6046-4A8D-8073-170CFFBA4976}.Release|Any CPU.ActiveCfg = Release|Any CPU
		{544DBB94-6046-4A8D-8073-170CFFBA4976}.Release|Any CPU.Build.0 = Release|Any CPU
	EndGlobalSection
	GlobalSection(SolutionProperties) = preSolution
		HideSolutionNode = FALSE
	EndGlobalSection
	GlobalSection(ExtensibilityGlobals) = postSolution
		SolutionGuid = {2FC6F905-779E-4036-ADEC-2719B7FA75DE}
	EndGlobalSection
EndGlobal
