
Microsoft Visual Studio Solution File, Format Version 12.00
# Visual Studio Version 17
VisualStudioVersion = 17.2.32630.192
MinimumVisualStudioVersion = 10.0.40219.1
Project("{FAE04EC0-301F-11D3-BF4B-00C04F79EFBC}") = "HuntingTheManticore - Level 14", "HelloWorld\HuntingTheManticore - Level 14.csproj", "{8FD728F0-42DA-483E-81E4-09E3D3CF4C6F}"
EndProject
Global
	GlobalSection(SolutionConfigurationPlatforms) = preSolution
		Debug|Any CPU = Debug|Any CPU
		Release|Any CPU = Release|Any CPU
	EndGlobalSection
	GlobalSection(ProjectConfigurationPlatforms) = postSolution
		{8FD728F0-42DA-483E-81E4-09E3D3CF4C6F}.Debug|Any CPU.ActiveCfg = Debug|Any CPU
		{8FD728F0-42DA-483E-81E4-09E3D3CF4C6F}.Debug|Any CPU.Build.0 = Debug|Any CPU
		{8FD728F0-42DA-483E-81E4-09E3D3CF4C6F}.Release|Any CPU.ActiveCfg = Release|Any CPU
		{8FD728F0-42DA-483E-81E4-09E3D3CF4C6F}.Release|Any CPU.Build.0 = Release|Any CPU
	EndGlobalSection
	GlobalSection(SolutionProperties) = preSolution
		HideSolutionNode = FALSE
	EndGlobalSection
	GlobalSection(ExtensibilityGlobals) = postSolution
		SolutionGuid = {3FA0D103-B60A-4DB2-A4D4-3207D7EB746E}
	EndGlobalSection
EndGlobal
